
Microsoft Visual Studio Solution File, Format Version 11.00
# Visual Studio 2010
Project("{FAE04EC0-301F-11D3-BF4B-00C04F79EFBC}") = "ClaseBase", "ClaseBase\ClaseBase.csproj", "{BADA4306-5D47-4514-A56D-CB552B900623}"
EndProject
Project("{FAE04EC0-301F-11D3-BF4B-00C04F79EFBC}") = "Vistas", "Vistas\Vistas.csproj", "{7526F92B-A9DD-491B-B982-1EAD1B71493B}"
EndProject
Project("{54435603-DBB4-11D2-8724-00A0C9A8B90C}") = "InstaladorSGP", "InstaladorSGP\InstaladorSGP.vdproj", "{12FF36E0-3B4E-427E-A69E-C75757AA44C0}"
EndProject
Global
	GlobalSection(SolutionConfigurationPlatforms) = preSolution
		Debug|Any CPU = Debug|Any CPU
		Debug|Mixed Platforms = Debug|Mixed Platforms
		Debug|x86 = Debug|x86
		Release|Any CPU = Release|Any CPU
		Release|Mixed Platforms = Release|Mixed Platforms
		Release|x86 = Release|x86
	EndGlobalSection
	GlobalSection(ProjectConfigurationPlatforms) = postSolution
		{BADA4306-5D47-4514-A56D-CB552B900623}.Debug|Any CPU.ActiveCfg = Debug|Any CPU
		{BADA4306-5D47-4514-A56D-CB552B900623}.Debug|Any CPU.Build.0 = Debug|Any CPU
		{BADA4306-5D47-4514-A56D-CB552B900623}.Debug|Mixed Platforms.ActiveCfg = Debug|Any CPU
		{BADA4306-5D47-4514-A56D-CB552B900623}.Debug|Mixed Platforms.Build.0 = Debug|Any CPU
		{BADA4306-5D47-4514-A56D-CB552B900623}.Debug|x86.ActiveCfg = Debug|Any CPU
		{BADA4306-5D47-4514-A56D-CB552B900623}.Release|Any CPU.ActiveCfg = Release|Any CPU
		{BADA4306-5D47-4514-A56D-CB552B900623}.Release|Any CPU.Build.0 = Release|Any CPU
		{BADA4306-5D47-4514-A56D-CB552B900623}.Release|Mixed Platforms.ActiveCfg = Release|Any CPU
		{BADA4306-5D47-4514-A56D-CB552B900623}.Release|Mixed Platforms.Build.0 = Release|Any CPU
		{BADA4306-5D47-4514-A56D-CB552B900623}.Release|x86.ActiveCfg = Release|Any CPU
		{7526F92B-A9DD-491B-B982-1EAD1B71493B}.Debug|Any CPU.ActiveCfg = Debug|x86
		{7526F92B-A9DD-491B-B982-1EAD1B71493B}.Debug|Mixed Platforms.ActiveCfg = Debug|x86
		{7526F92B-A9DD-491B-B982-1EAD1B71493B}.Debug|Mixed Platforms.Build.0 = Debug|x86
		{7526F92B-A9DD-491B-B982-1EAD1B71493B}.Debug|x86.ActiveCfg = Debug|x86
		{7526F92B-A9DD-491B-B982-1EAD1B71493B}.Debug|x86.Build.0 = Debug|x86
		{7526F92B-A9DD-491B-B982-1EAD1B71493B}.Release|Any CPU.ActiveCfg = Release|x86
		{7526F92B-A9DD-491B-B982-1EAD1B71493B}.Release|Mixed Platforms.ActiveCfg = Release|x86
		{7526F92B-A9DD-491B-B982-1EAD1B71493B}.Release|Mixed Platforms.Build.0 = Release|x86
		{7526F92B-A9DD-491B-B982-1EAD1B71493B}.Release|x86.ActiveCfg = Release|x86
		{7526F92B-A9DD-491B-B982-1EAD1B71493B}.Release|x86.Build.0 = Release|x86
		{12FF36E0-3B4E-427E-A69E-C75757AA44C0}.Debug|Any CPU.ActiveCfg = Debug
		{12FF36E0-3B4E-427E-A69E-C75757AA44C0}.Debug|Mixed Platforms.ActiveCfg = Debug
		{12FF36E0-3B4E-427E-A69E-C75757AA44C0}.Debug|x86.ActiveCfg = Debug
		{12FF36E0-3B4E-427E-A69E-C75757AA44C0}.Release|Any CPU.ActiveCfg = Release
		{12FF36E0-3B4E-427E-A69E-C75757AA44C0}.Release|Mixed Platforms.ActiveCfg = Release
		{12FF36E0-3B4E-427E-A69E-C75757AA44C0}.Release|x86.ActiveCfg = Release
	EndGlobalSection
	GlobalSection(SolutionProperties) = preSolution
		HideSolutionNode = FALSE
	EndGlobalSection
EndGlobal
